{
  "name": "ubuntu-setup",
  "lockfileVersion": 2,
  "requires": true,
  "packages": {
    "": {
      "dependencies": {
        "gvfs-mount-js": "^1.0.4"
      }
    },
    "node_modules/gvfs-mount-js": {
      "version": "1.0.4",
      "resolved": "https://registry.npmjs.org/gvfs-mount-js/-/gvfs-mount-js-1.0.4.tgz",
      "integrity": "sha512-M6/xGbVBFH9NHf92pNMNciojmz13HOESEo15UZhzHBsPZtE3tovakPgRhUZlUBpCJ5GJ85l1JEZwwl9kvatlQA=="
    }
  },
  "dependencies": {
    "gvfs-mount-js": {
      "version": "1.0.4",
      "resolved": "https://registry.npmjs.org/gvfs-mount-js/-/gvfs-mount-js-1.0.4.tgz",
      "integrity": "sha512-M6/xGbVBFH9NHf92pNMNciojmz13HOESEo15UZhzHBsPZtE3tovakPgRhUZlUBpCJ5GJ85l1JEZwwl9kvatlQA=="
    }
  }
}
